{
  "lockfileVersion": 1,
  "configVersion": 1,
  "workspaces": {
    "": {
      "name": "mx2svg",
      "dependencies": {
        "@chenglou/pretext": "^0.0.5",
        "@napi-rs/canvas": "^0.1.97",
        "fast-xml-parser": "^5.2.5",
        "pako": "^2.1.0",
      },
      "devDependencies": {
        "@biomejs/biome": "^2.4.11",
        "@types/bun": "latest",
        "@types/pako": "^2.0.4",
      },
    },
  },
  "packages": {
    "@biomejs/biome": ["@biomejs/biome@2.4.11", "http://pkg.rd.kim/repository/npm-group/@biomejs/biome/-/biome-2.4.11.tgz", { "optionalDependencies": { "@biomejs/cli-darwin-arm64": "2.4.11", "@biomejs/cli-darwin-x64": "2.4.11", "@biomejs/cli-linux-arm64": "2.4.11", "@biomejs/cli-linux-arm64-musl": "2.4.11", "@biomejs/cli-linux-x64": "2.4.11", "@biomejs/cli-linux-x64-musl": "2.4.11", "@biomejs/cli-win32-arm64": "2.4.11", "@biomejs/cli-win32-x64": "2.4.11" }, "bin": { "biome": "bin/biome" } }, "sha512-nWxHX8tf3Opb/qRgZpBbsTOqOodkbrkJ7S+JxJAruxOReaDPPmPuLBAGQ8vigyUgo0QBB+oQltNEAvalLcjggA=="],

    "@biomejs/cli-darwin-arm64": ["@biomejs/cli-darwin-arm64@2.4.11", "http://pkg.rd.kim/repository/npm-group/@biomejs/cli-darwin-arm64/-/cli-darwin-arm64-2.4.11.tgz", { "os": "darwin", "cpu": "arm64" }, "sha512-wOt+ed+L2dgZanWyL6i29qlXMc088N11optzpo10peayObBaAshbTcxKUchzEMp9QSY8rh5h6VfAFE3WTS1rqg=="],

    "@biomejs/cli-darwin-x64": ["@biomejs/cli-darwin-x64@2.4.11", "http://pkg.rd.kim/repository/npm-group/@biomejs/cli-darwin-x64/-/cli-darwin-x64-2.4.11.tgz", { "os": "darwin", "cpu": "x64" }, "sha512-gZ6zR8XmZlExfi/Pz/PffmdpWOQ8Qhy7oBztgkR8/ylSRyLwfRPSadmiVCV8WQ8PoJ2MWUy2fgID9zmtgUUJmw=="],

    "@biomejs/cli-linux-arm64": ["@biomejs/cli-linux-arm64@2.4.11", "http://pkg.rd.kim/repository/npm-group/@biomejs/cli-linux-arm64/-/cli-linux-arm64-2.4.11.tgz", { "os": "linux", "cpu": "arm64" }, "sha512-avdJaEElXrKceK0va9FkJ4P5ci3N01TGkc6ni3P8l3BElqbOz42Wg2IyX3gbh0ZLEd4HVKEIrmuVu/AMuSeFFA=="],

    "@biomejs/cli-linux-arm64-musl": ["@biomejs/cli-linux-arm64-musl@2.4.11", "http://pkg.rd.kim/repository/npm-group/@biomejs/cli-linux-arm64-musl/-/cli-linux-arm64-musl-2.4.11.tgz", { "os": "linux", "cpu": "arm64" }, "sha512-+Sbo1OAmlegtdwqFE8iOxFIWLh1B3OEgsuZfBpyyN/kWuqZ8dx9ZEes6zVnDMo+zRHF2wLynRVhoQmV7ohxl2Q=="],

    "@biomejs/cli-linux-x64": ["@biomejs/cli-linux-x64@2.4.11", "http://pkg.rd.kim/repository/npm-group/@biomejs/cli-linux-x64/-/cli-linux-x64-2.4.11.tgz", { "os": "linux", "cpu": "x64" }, "sha512-TagWV0iomp5LnEnxWFg4nQO+e52Fow349vaX0Q/PIcX6Zhk4GGBgp3qqZ8PVkpC+cuehRctMf3+6+FgQ8jCEFQ=="],

    "@biomejs/cli-linux-x64-musl": ["@biomejs/cli-linux-x64-musl@2.4.11", "http://pkg.rd.kim/repository/npm-group/@biomejs/cli-linux-x64-musl/-/cli-linux-x64-musl-2.4.11.tgz", { "os": "linux", "cpu": "x64" }, "sha512-bexd2IklK7ZgPhrz6jXzpIL6dEAH9MlJU1xGTrypx+FICxrXUp4CqtwfiuoDKse+UlgAlWtzML3jrMqeEAHEhA=="],

    "@biomejs/cli-win32-arm64": ["@biomejs/cli-win32-arm64@2.4.11", "http://pkg.rd.kim/repository/npm-group/@biomejs/cli-win32-arm64/-/cli-win32-arm64-2.4.11.tgz", { "os": "win32", "cpu": "arm64" }, "sha512-RJhaTnY8byzxDt4bDVb7AFPHkPcjOPK3xBip4ZRTrN3TEfyhjLRm3r3mqknqydgVTB74XG8l4jMLwEACEeihVg=="],

    "@biomejs/cli-win32-x64": ["@biomejs/cli-win32-x64@2.4.11", "http://pkg.rd.kim/repository/npm-group/@biomejs/cli-win32-x64/-/cli-win32-x64-2.4.11.tgz", { "os": "win32", "cpu": "x64" }, "sha512-A8D3JM/00C2KQgUV3oj8Ba15EHEYwebAGCy5Sf9GAjr5Y3+kJIYOiESoqRDeuRZueuMdCsbLZIUqmPhpYXJE9A=="],

    "@chenglou/pretext": ["@chenglou/pretext@0.0.5", "http://pkg.rd.kim/repository/npm-group/@chenglou/pretext/-/pretext-0.0.5.tgz", {}, "sha512-A8GZN10REdFGsyuiUgLV8jjPDDFMg5GmgxGWV0I3igxBOnzj+jgz2VMmVD7g+SFyoctfeqHFxbNatKSzVRWtRg=="],

    "@napi-rs/canvas": ["@napi-rs/canvas@0.1.97", "http://pkg.rd.kim/repository/npm-group/@napi-rs/canvas/-/canvas-0.1.97.tgz", { "optionalDependencies": { "@napi-rs/canvas-android-arm64": "0.1.97", "@napi-rs/canvas-darwin-arm64": "0.1.97", "@napi-rs/canvas-darwin-x64": "0.1.97", "@napi-rs/canvas-linux-arm-gnueabihf": "0.1.97", "@napi-rs/canvas-linux-arm64-gnu": "0.1.97", "@napi-rs/canvas-linux-arm64-musl": "0.1.97", "@napi-rs/canvas-linux-riscv64-gnu": "0.1.97", "@napi-rs/canvas-linux-x64-gnu": "0.1.97", "@napi-rs/canvas-linux-x64-musl": "0.1.97", "@napi-rs/canvas-win32-arm64-msvc": "0.1.97", "@napi-rs/canvas-win32-x64-msvc": "0.1.97" } }, "sha512-8cFniXvrIEnVwuNSRCW9wirRZbHvrD3JVujdS2P5n5xiJZNZMOZcfOvJ1pb66c7jXMKHHglJEDVJGbm8XWFcXQ=="],

    "@napi-rs/canvas-android-arm64": ["@napi-rs/canvas-android-arm64@0.1.97", "http://pkg.rd.kim/repository/npm-group/@napi-rs/canvas-android-arm64/-/canvas-android-arm64-0.1.97.tgz", { "os": "android", "cpu": "arm64" }, "sha512-V1c/WVw+NzH8vk7ZK/O8/nyBSCQimU8sfMsB/9qeSvdkGKNU7+mxy/bIF0gTgeBFmHpj30S4E9WHMSrxXGQuVQ=="],

    "@napi-rs/canvas-darwin-arm64": ["@napi-rs/canvas-darwin-arm64@0.1.97", "http://pkg.rd.kim/repository/npm-group/@napi-rs/canvas-darwin-arm64/-/canvas-darwin-arm64-0.1.97.tgz", { "os": "darwin", "cpu": "arm64" }, "sha512-ok+SCEF4YejcxuJ9Rm+WWunHHpf2HmiPxfz6z1a/NFQECGXtsY7A4B8XocK1LmT1D7P174MzwPF9Wy3AUAwEPw=="],

    "@napi-rs/canvas-darwin-x64": ["@napi-rs/canvas-darwin-x64@0.1.97", "http://pkg.rd.kim/repository/npm-group/@napi-rs/canvas-darwin-x64/-/canvas-darwin-x64-0.1.97.tgz", { "os": "darwin", "cpu": "x64" }, "sha512-PUP6e6/UGlclUvAQNnuXCcnkpdUou6VYZfQOQxExLp86epOylmiwLkqXIvpFmjoTEDmPmXrI+coL/9EFU1gKPA=="],

    "@napi-rs/canvas-linux-arm-gnueabihf": ["@napi-rs/canvas-linux-arm-gnueabihf@0.1.97", "http://pkg.rd.kim/repository/npm-group/@napi-rs/canvas-linux-arm-gnueabihf/-/canvas-linux-arm-gnueabihf-0.1.97.tgz", { "os": "linux", "cpu": "arm" }, "sha512-XyXH2L/cic8eTNtbrXCcvqHtMX/nEOxN18+7rMrAM2XtLYC/EB5s0wnO1FsLMWmK+04ZSLN9FBGipo7kpIkcOw=="],

    "@napi-rs/canvas-linux-arm64-gnu": ["@napi-rs/canvas-linux-arm64-gnu@0.1.97", "http://pkg.rd.kim/repository/npm-group/@napi-rs/canvas-linux-arm64-gnu/-/canvas-linux-arm64-gnu-0.1.97.tgz", { "os": "linux", "cpu": "arm64" }, "sha512-Kuq/M3djq0K8ktgz6nPlK7Ne5d4uWeDxPpyKWOjWDK2RIOhHVtLtyLiJw2fuldw7Vn4mhw05EZXCEr4Q76rs9w=="],

    "@napi-rs/canvas-linux-arm64-musl": ["@napi-rs/canvas-linux-arm64-musl@0.1.97", "http://pkg.rd.kim/repository/npm-group/@napi-rs/canvas-linux-arm64-musl/-/canvas-linux-arm64-musl-0.1.97.tgz", { "os": "linux", "cpu": "arm64" }, "sha512-kKmSkQVnWeqg7qdsiXvYxKhAFuHz3tkBjW/zyQv5YKUPhotpaVhpBGv5LqCngzyuRV85SXoe+OFj+Tv0a0QXkQ=="],

    "@napi-rs/canvas-linux-riscv64-gnu": ["@napi-rs/canvas-linux-riscv64-gnu@0.1.97", "http://pkg.rd.kim/repository/npm-group/@napi-rs/canvas-linux-riscv64-gnu/-/canvas-linux-riscv64-gnu-0.1.97.tgz", { "os": "linux", "cpu": "none" }, "sha512-Jc7I3A51jnEOIAXeLsN/M/+Z28LUeakcsXs07FLq9prXc0eYOtVwsDEv913Gr+06IRo34gJJVgT0TXvmz+N2VA=="],

    "@napi-rs/canvas-linux-x64-gnu": ["@napi-rs/canvas-linux-x64-gnu@0.1.97", "http://pkg.rd.kim/repository/npm-group/@napi-rs/canvas-linux-x64-gnu/-/canvas-linux-x64-gnu-0.1.97.tgz", { "os": "linux", "cpu": "x64" }, "sha512-iDUBe7AilfuBSRbSa8/IGX38Mf+iCSBqoVKLSQ5XaY2JLOaqz1TVyPFEyIck7wT6mRQhQt5sN6ogfjIDfi74tg=="],

    "@napi-rs/canvas-linux-x64-musl": ["@napi-rs/canvas-linux-x64-musl@0.1.97", "http://pkg.rd.kim/repository/npm-group/@napi-rs/canvas-linux-x64-musl/-/canvas-linux-x64-musl-0.1.97.tgz", { "os": "linux", "cpu": "x64" }, "sha512-AKLFd/v0Z5fvgqBDqhvqtAdx+fHMJ5t9JcUNKq4FIZ5WH+iegGm8HPdj00NFlCSnm83Fp3Ln8I2f7uq1aIiWaA=="],

    "@napi-rs/canvas-win32-arm64-msvc": ["@napi-rs/canvas-win32-arm64-msvc@0.1.97", "http://pkg.rd.kim/repository/npm-group/@napi-rs/canvas-win32-arm64-msvc/-/canvas-win32-arm64-msvc-0.1.97.tgz", { "os": "win32", "cpu": "arm64" }, "sha512-u883Yr6A6fO7Vpsy9YE4FVCIxzzo5sO+7pIUjjoDLjS3vQaNMkVzx5bdIpEL+ob+gU88WDK4VcxYMZ6nmnoX9A=="],

    "@napi-rs/canvas-win32-x64-msvc": ["@napi-rs/canvas-win32-x64-msvc@0.1.97", "http://pkg.rd.kim/repository/npm-group/@napi-rs/canvas-win32-x64-msvc/-/canvas-win32-x64-msvc-0.1.97.tgz", { "os": "win32", "cpu": "x64" }, "sha512-sWtD2EE3fV0IzN+iiQUqr/Q1SwqWhs2O1FKItFlxtdDkikpEj5g7DKQpY3x55H/MAOnL8iomnlk3mcEeGiUMoQ=="],

    "@types/bun": ["@types/bun@1.3.12", "http://pkg.rd.kim/repository/npm-group/@types/bun/-/bun-1.3.12.tgz", { "dependencies": { "bun-types": "1.3.12" } }, "sha512-DBv81elK+/VSwXHDlnH3Qduw+KxkTIWi7TXkAeh24zpi5l0B2kUg9Ga3tb4nJaPcOFswflgi/yAvMVBPrxMB+A=="],

    "@types/node": ["@types/node@25.6.0", "http://pkg.rd.kim/repository/npm-group/@types/node/-/node-25.6.0.tgz", { "dependencies": { "undici-types": "~7.19.0" } }, "sha512-+qIYRKdNYJwY3vRCZMdJbPLJAtGjQBudzZzdzwQYkEPQd+PJGixUL5QfvCLDaULoLv+RhT3LDkwEfKaAkgSmNQ=="],

    "@types/pako": ["@types/pako@2.0.4", "http://pkg.rd.kim/repository/npm-group/@types/pako/-/pako-2.0.4.tgz", {}, "sha512-VWDCbrLeVXJM9fihYodcLiIv0ku+AlOa/TQ1SvYOaBuyrSKgEcro95LJyIsJ4vSo6BXIxOKxiJAat04CmST9Fw=="],

    "bun-types": ["bun-types@1.3.12", "http://pkg.rd.kim/repository/npm-group/bun-types/-/bun-types-1.3.12.tgz", { "dependencies": { "@types/node": "*" } }, "sha512-HqOLj5PoFajAQciOMRiIZGNoKxDJSr6qigAttOX40vJuSp6DN/CxWp9s3C1Xwm4oH7ybueITwiaOcWXoYVoRkA=="],

    "fast-xml-builder": ["fast-xml-builder@1.1.4", "http://pkg.rd.kim/repository/npm-group/fast-xml-builder/-/fast-xml-builder-1.1.4.tgz", { "dependencies": { "path-expression-matcher": "^1.1.3" } }, "sha512-f2jhpN4Eccy0/Uz9csxh3Nu6q4ErKxf0XIsasomfOihuSUa3/xw6w8dnOtCDgEItQFJG8KyXPzQXzcODDrrbOg=="],

    "fast-xml-parser": ["fast-xml-parser@5.5.12", "http://pkg.rd.kim/repository/npm-group/fast-xml-parser/-/fast-xml-parser-5.5.12.tgz", { "dependencies": { "fast-xml-builder": "^1.1.4", "path-expression-matcher": "^1.5.0", "strnum": "^2.2.3" }, "bin": { "fxparser": "src/cli/cli.js" } }, "sha512-nUR0q8PPfoA/svPM43Gup7vLOZWppaNrYgGmrVqrAVJa7cOH4hMG6FX9M4mQ8dZA1/ObGZHzES7Ed88hxEBSJg=="],

    "pako": ["pako@2.1.0", "http://pkg.rd.kim/repository/npm-group/pako/-/pako-2.1.0.tgz", {}, "sha512-w+eufiZ1WuJYgPXbV/PO3NCMEc3xqylkKHzp8bxp1uW4qaSNQUkwmLLEc3kKsfz8lpV1F8Ht3U1Cm+9Srog2ug=="],

    "path-expression-matcher": ["path-expression-matcher@1.5.0", "http://pkg.rd.kim/repository/npm-group/path-expression-matcher/-/path-expression-matcher-1.5.0.tgz", {}, "sha512-cbrerZV+6rvdQrrD+iGMcZFEiiSrbv9Tfdkvnusy6y0x0GKBXREFg/Y65GhIfm0tnLntThhzCnfKwp1WRjeCyQ=="],

    "strnum": ["strnum@2.2.3", "http://pkg.rd.kim/repository/npm-group/strnum/-/strnum-2.2.3.tgz", {}, "sha512-oKx6RUCuHfT3oyVjtnrmn19H1SiCqgJSg+54XqURKp5aCMbrXrhLjRN9TjuwMjiYstZ0MzDrHqkGZ5dFTKd+zg=="],

    "undici-types": ["undici-types@7.19.2", "http://pkg.rd.kim/repository/npm-group/undici-types/-/undici-types-7.19.2.tgz", {}, "sha512-qYVnV5OEm2AW8cJMCpdV20CDyaN3g0AjDlOGf1OW4iaDEx8MwdtChUp4zu4H0VP3nDRF/8RKWH+IPp9uW0YGZg=="],
  }
}
